
Microsoft Visual Studio Solution File, Format Version 12.00
# Visual Studio Version 16
VisualStudioVersion = 16.0.30804.86
MinimumVisualStudioVersion = 10.0.40219.1
Project("{FAE04EC0-301F-11D3-BF4B-00C04F79EFBC}") = "Music Player", "Music Player\Music Player.csproj", "{DDDC856A-3953-45B1-A16B-DE96899B5366}"
EndProject
Global
	GlobalSection(SolutionConfigurationPlatforms) = preSolution
		Debug|Any CPU = Debug|Any CPU
		Release|Any CPU = Release|Any CPU
	EndGlobalSection
	GlobalSection(ProjectConfigurationPlatforms) = postSolution
		{DDDC856A-3953-45B1-A16B-DE96899B5366}.Debug|Any CPU.ActiveCfg = Debug|Any CPU
		{DDDC856A-3953-45B1-A16B-DE96899B5366}.Debug|Any CPU.Build.0 = Debug|Any CPU
		{DDDC856A-3953-45B1-A16B-DE96899B5366}.Release|Any CPU.ActiveCfg = Release|Any CPU
		{DDDC856A-3953-45B1-A16B-DE96899B5366}.Release|Any CPU.Build.0 = Release|Any CPU
	EndGlobalSection
	GlobalSection(SolutionProperties) = preSolution
		HideSolutionNode = FALSE
	EndGlobalSection
	GlobalSection(ExtensibilityGlobals) = postSolution
		SolutionGuid = {D802E191-3B86-44F1-886A-CFD52B8B0FFE}
	EndGlobalSection
EndGlobal
